<Solution>
  <Folder Name="/extensions/">
    <Project Path="extensions/BotNexus.Extensions.AudioTranscription/BotNexus.Extensions.AudioTranscription.csproj" />
  </Folder>
  <Folder Name="/extensions/skills/">
    <Project Path="extensions/skills/BotNexus.Extensions.Skills/BotNexus.Extensions.Skills.csproj" />
  </Folder>
  <Folder Name="/src/" />
  <Folder Name="/src/agent/">
    <Project Path="src/agent/BotNexus.AgentCore/BotNexus.AgentCore.csproj" />
  </Folder>
  <Folder Name="/src/providers/">
    <Project Path="src/providers/BotNexus.Providers.Core/BotNexus.Providers.Core.csproj" />
    <Project Path="src/providers/BotNexus.Providers.Anthropic/BotNexus.Providers.Anthropic.csproj" />
    <Project Path="src/providers/BotNexus.Providers.OpenAI/BotNexus.Providers.OpenAI.csproj" />
    <Project Path="src/providers/BotNexus.Providers.OpenAICompat/BotNexus.Providers.OpenAICompat.csproj" />
    <Project Path="src/providers/BotNexus.Providers.Copilot/BotNexus.Providers.Copilot.csproj" />
  </Folder>
  <Folder Name="/src/cron/">
    <Project Path="src/cron/BotNexus.Cron/BotNexus.Cron.csproj" />
  </Folder>
  <Folder Name="/src/gateway/">
    <Project Path="src/gateway/BotNexus.Cli/BotNexus.Cli.csproj" />
    <Project Path="src/gateway/BotNexus.Gateway.Abstractions/BotNexus.Gateway.Abstractions.csproj" />
    <Project Path="src/gateway/BotNexus.Gateway.Contracts/BotNexus.Gateway.Contracts.csproj" />
    <Project Path="src/gateway/BotNexus.Gateway/BotNexus.Gateway.csproj" />
    <Project Path="src/gateway/BotNexus.Gateway.Api/BotNexus.Gateway.Api.csproj" />
    <Project Path="src/gateway/BotNexus.Gateway.Sessions/BotNexus.Gateway.Sessions.csproj" />
  </Folder>
  <Folder Name="/src/channels/">
    <Project Path="src/channels/BotNexus.Channels.Core/BotNexus.Channels.Core.csproj" />
    <Project Path="src/channels/BotNexus.Channels.SignalR/BotNexus.Channels.SignalR.csproj" />
    <Project Path="src/channels/BotNexus.Channels.SignalR.BlazorClient/BotNexus.Channels.SignalR.BlazorClient.csproj" />
    <Project Path="src/channels/BotNexus.Channels.Telegram/BotNexus.Channels.Telegram.csproj" />
    <Project Path="src/channels/BotNexus.Channels.Tui/BotNexus.Channels.Tui.csproj" />
  </Folder>
  <Folder Name="/src/coding-agent/">
    <Project Path="src/coding-agent/BotNexus.CodingAgent/BotNexus.CodingAgent.csproj" />
  </Folder>
  <Folder Name="/src/domain/">
    <Project Path="src/domain/BotNexus.Domain/BotNexus.Domain.csproj" />
    <Project Path="src/domain/BotNexus.Sessions.Common/BotNexus.Sessions.Common.csproj" />
  </Folder>
  <Folder Name="/src/prompts/">
    <Project Path="src/prompts/BotNexus.Prompts/BotNexus.Prompts.csproj" />
  </Folder>
  <Folder Name="/src/tools/">
    <Project Path="src/tools/BotNexus.Memory/BotNexus.Memory.csproj" />
    <Project Path="src/tools/BotNexus.Tools/BotNexus.Tools.csproj" />
  </Folder>
  <Folder Name="/extensions/mcp/">
    <Project Path="extensions/mcp/BotNexus.Extensions.Mcp/BotNexus.Extensions.Mcp.csproj" />
  </Folder>
  <Folder Name="/extensions/mcp-invoke/">
    <Project Path="extensions/mcp-invoke/BotNexus.Extensions.McpInvoke/BotNexus.Extensions.McpInvoke.csproj" />
  </Folder>
  <Folder Name="/extensions/web/">
    <Project Path="extensions/web/BotNexus.Extensions.WebTools/BotNexus.Extensions.WebTools.csproj" />
  </Folder>
  <Folder Name="/extensions/tools/">
    <Project Path="extensions/tools/process/BotNexus.Extensions.ProcessTool/BotNexus.Extensions.ProcessTool.csproj" />
  </Folder>
  <Folder Name="/tests/">
    <Project Path="tests/BotNexus.Extensions.ProcessTool.Tests/BotNexus.Extensions.ProcessTool.Tests.csproj" />
    <Project Path="tests/BotNexus.AgentCore.Tests/BotNexus.AgentCore.Tests.csproj" />
    <Project Path="tests/BotNexus.Providers.Core.Tests/BotNexus.Providers.Core.Tests.csproj" />
    <Project Path="tests/BotNexus.Providers.Conformance.Tests/BotNexus.Providers.Conformance.Tests.csproj" />
    <Project Path="tests/BotNexus.IntegrationTests/BotNexus.IntegrationTests.csproj" />
    <Project Path="tests/BotNexus.Memory.Tests/BotNexus.Memory.Tests.csproj" />
    <Project Path="tests/BotNexus.Providers.Anthropic.Tests/BotNexus.Providers.Anthropic.Tests.csproj" />
    <Project Path="tests/BotNexus.Providers.OpenAI.Tests/BotNexus.Providers.OpenAI.Tests.csproj" />
    <Project Path="tests/BotNexus.Providers.OpenAICompat.Tests/BotNexus.Providers.OpenAICompat.Tests.csproj" />
    <Project Path="tests/BotNexus.Providers.Copilot.Tests/BotNexus.Providers.Copilot.Tests.csproj" />
    <Project Path="tests/BotNexus.CodingAgent.Tests/BotNexus.CodingAgent.Tests.csproj" />
    <Project Path="tests/BotNexus.Cron.Tests/BotNexus.Cron.Tests.csproj" />
    <Project Path="tests/BotNexus.Extensions.WebTools.Tests/BotNexus.Extensions.WebTools.Tests.csproj" />
    <Project Path="tests/BotNexus.Gateway.Tests/BotNexus.Gateway.Tests.csproj" />
    <Project Path="tests/BotNexus.Sessions.Common.Tests/BotNexus.Sessions.Common.Tests.csproj" />
    <Project Path="tests/BotNexus.Skills.Tests/BotNexus.Skills.Tests.csproj" />
    <Project Path="tests/BotNexus.Domain.Tests/BotNexus.Domain.Tests.csproj" />
    <Project Path="tests/BotNexus.Extensions.Mcp.Tests/BotNexus.Extensions.Mcp.Tests.csproj" />
    <Project Path="tests/BotNexus.Extensions.McpInvoke.Tests/BotNexus.Extensions.McpInvoke.Tests.csproj" />
    <Project Path="tests/BotNexus.WebUI.Tests/BotNexus.WebUI.Tests.csproj" />
    <Project Path="tests/BotNexus.Prompts.Tests/BotNexus.Prompts.Tests.csproj" />
  </Folder>
  <Project Path="extensions/tools/exec/BotNexus.Extensions.ExecTool/BotNexus.Extensions.ExecTool.csproj" />
  <Project Path="tests/BotNexus.Extensions.ExecTool.Tests/BotNexus.Extensions.ExecTool.Tests.csproj" />
</Solution>
