<Solution>
  <Folder Name="/src/extensions/">
    <Project Path="src/extensions/BotNexus.Extensions.AudioTranscription/BotNexus.Extensions.AudioTranscription.csproj" />
    <Project Path="src/extensions/BotNexus.Extensions.Skills/BotNexus.Extensions.Skills.csproj" />
    <Project Path="src/extensions/BotNexus.Extensions.Mcp/BotNexus.Extensions.Mcp.csproj" />
    <Project Path="src/extensions/BotNexus.Extensions.McpInvoke/BotNexus.Extensions.McpInvoke.csproj" />
    <Project Path="src/extensions/BotNexus.Extensions.WebTools/BotNexus.Extensions.WebTools.csproj" />
    <Project Path="src/extensions/BotNexus.Extensions.ProcessTool/BotNexus.Extensions.ProcessTool.csproj" />
    <Project Path="src/extensions/BotNexus.Extensions.ExecTool/BotNexus.Extensions.ExecTool.csproj" />
    <Project Path="src/extensions/BotNexus.Extensions.Channels.SignalR/BotNexus.Extensions.Channels.SignalR.csproj" />
    <Project Path="src/extensions/BotNexus.Extensions.Channels.SignalR.BlazorClient/BotNexus.Extensions.Channels.SignalR.BlazorClient.csproj" />
    <Project Path="src/extensions/BotNexus.Extensions.Channels.SignalR.BlazorClient.Core/BotNexus.Extensions.Channels.SignalR.BlazorClient.Core.csproj" />
    <Project Path="src/extensions/BotNexus.Extensions.Channels.SignalR.BlazorClient.Mobile/BotNexus.Extensions.Channels.SignalR.BlazorClient.Mobile.csproj" />
    <Project Path="src/extensions/BotNexus.Extensions.Channels.Telegram/BotNexus.Extensions.Channels.Telegram.csproj" />
    <Project Path="src/extensions/BotNexus.Extensions.Channels.Tui/BotNexus.Extensions.Channels.Tui.csproj" />
    <Project Path="src/extensions/BotNexus.Extensions.Channels.ServiceBus/BotNexus.Extensions.Channels.ServiceBus.csproj" />
  </Folder>
  <Folder Name="/src/" />
  <Folder Name="/src/agent/">
    <Project Path="src/agent/BotNexus.Agent.Core/BotNexus.Agent.Core.csproj" />
    <Project Path="src/agent/BotNexus.Agent.Providers.Core/BotNexus.Agent.Providers.Core.csproj" />
    <Project Path="src/agent/BotNexus.Agent.Providers.Anthropic/BotNexus.Agent.Providers.Anthropic.csproj" />
    <Project Path="src/agent/BotNexus.Agent.Providers.OpenAI/BotNexus.Agent.Providers.OpenAI.csproj" />
    <Project Path="src/agent/BotNexus.Agent.Providers.OpenAICompat/BotNexus.Agent.Providers.OpenAICompat.csproj" />
    <Project Path="src/agent/BotNexus.Agent.Providers.Copilot/BotNexus.Agent.Providers.Copilot.csproj" />
    <Project Path="src/agent/BotNexus.Agent.Providers.IntegrationMock/BotNexus.Agent.Providers.IntegrationMock.csproj" />
  </Folder>
  <Folder Name="/src/gateway/">
    <Project Path="src/gateway/BotNexus.Cli/BotNexus.Cli.csproj" />
    <Project Path="src/gateway/BotNexus.Cron/BotNexus.Cron.csproj" />
    <Project Path="src/gateway/BotNexus.Gateway.Abstractions/BotNexus.Gateway.Abstractions.csproj" />
    <Project Path="src/gateway/BotNexus.Gateway.Conversations/BotNexus.Gateway.Conversations.csproj" />
    <Project Path="src/gateway/BotNexus.Gateway.Dispatching/BotNexus.Gateway.Dispatching.csproj" />
    <Project Path="src/gateway/BotNexus.Gateway.Contracts/BotNexus.Gateway.Contracts.csproj" />
    <Project Path="src/gateway/BotNexus.Gateway/BotNexus.Gateway.csproj" />
    <Project Path="src/gateway/BotNexus.Gateway.Api/BotNexus.Gateway.Api.csproj" />
    <Project Path="src/gateway/BotNexus.Gateway.Prompts/BotNexus.Gateway.Prompts.csproj" />
    <Project Path="src/gateway/BotNexus.Gateway.Sessions/BotNexus.Gateway.Sessions.csproj" />
    <Project Path="src/gateway/BotNexus.Gateway.Channels/BotNexus.Gateway.Channels.csproj" />
    <Project Path="src/gateway/BotNexus.Memory/BotNexus.Memory.csproj" />
    <Project Path="src/gateway/BotNexus.Tools/BotNexus.Tools.csproj" />
  </Folder>
  <Folder Name="/examples/">
    <Project Path="examples/BotNexus.CodingAgent/BotNexus.CodingAgent.csproj" />
  </Folder>
  <Folder Name="/src/domain/">
    <Project Path="src/domain/BotNexus.Domain/BotNexus.Domain.csproj" />
  </Folder>
  <Folder Name="/tests/">
    <Project Path="tests/BotNexus.CodingAgent.Tests/BotNexus.CodingAgent.Tests.csproj" />
    <Project Path="tests/BotNexus.Conversation.Tests/BotNexus.Conversation.Tests.csproj" />
    <Project Path="tests/BotNexus.E2E.Tests/BotNexus.E2E.Tests.csproj" />
    <Project Path="tests/BotNexus.Gateway.Conversation.Tests/BotNexus.Gateway.Conversation.Tests.csproj" />
    <Project Path="tests/BotNexus.Integration.Tests/BotNexus.Integration.Tests.csproj" />
    <Project Path="tests/BotNexus.Providers.Conformance.Tests/BotNexus.Providers.Conformance.Tests.csproj" />
  </Folder>
  <Folder Name="/tests/agent/">
    <Project Path="tests/agent/BotNexus.Agent.Core.Tests/BotNexus.Agent.Core.Tests.csproj" />
    <Project Path="tests/agent/BotNexus.Agent.Providers.Anthropic.Tests/BotNexus.Agent.Providers.Anthropic.Tests.csproj" />
    <Project Path="tests/agent/BotNexus.Agent.Providers.Copilot.Tests/BotNexus.Agent.Providers.Copilot.Tests.csproj" />
    <Project Path="tests/agent/BotNexus.Agent.Providers.Core.Tests/BotNexus.Agent.Providers.Core.Tests.csproj" />
    <Project Path="tests/agent/BotNexus.Agent.Providers.OpenAI.Tests/BotNexus.Agent.Providers.OpenAI.Tests.csproj" />
    <Project Path="tests/agent/BotNexus.Agent.Providers.OpenAICompat.Tests/BotNexus.Agent.Providers.OpenAICompat.Tests.csproj" />
    <Project Path="tests/agent/BotNexus.Agent.Providers.IntegrationMock.Tests/BotNexus.Agent.Providers.IntegrationMock.Tests.csproj" />
  </Folder>
  <Folder Name="/tests/architecture/">
    <Project Path="tests/architecture/BotNexus.Architecture.Tests/BotNexus.Architecture.Tests.csproj" />
  </Folder>
  <Folder Name="/tests/domain/">
    <Project Path="tests/domain/BotNexus.Domain.Tests/BotNexus.Domain.Tests.csproj" />
  </Folder>
  <Folder Name="/tests/scenarios/">
    <Project Path="tests/scenarios/BotNexus.Scenarios.Harness/BotNexus.Scenarios.Harness.csproj" />
    <Project Path="tests/scenarios/BotNexus.Scenarios.Tests/BotNexus.Scenarios.Tests.csproj" />
  </Folder>
  <Folder Name="/tests/extensions/">
    <Project Path="tests/extensions/BotNexus.Extensions.Channels.SignalR.BlazorClient.Tests/BotNexus.Extensions.Channels.SignalR.BlazorClient.Tests.csproj" />
    <Project Path="tests/extensions/BotNexus.Extensions.ExecTool.Tests/BotNexus.Extensions.ExecTool.Tests.csproj" />
    <Project Path="tests/extensions/BotNexus.Extensions.Mcp.Tests/BotNexus.Extensions.Mcp.Tests.csproj" />
    <Project Path="tests/extensions/BotNexus.Extensions.McpInvoke.Tests/BotNexus.Extensions.McpInvoke.Tests.csproj" />
    <Project Path="tests/extensions/BotNexus.Extensions.ProcessTool.Tests/BotNexus.Extensions.ProcessTool.Tests.csproj" />
    <Project Path="tests/extensions/BotNexus.Extensions.Skills.Tests/BotNexus.Extensions.Skills.Tests.csproj" />
    <Project Path="tests/extensions/BotNexus.Extensions.WebTools.Tests/BotNexus.Extensions.WebTools.Tests.csproj" />
    <Project Path="tests/extensions/BotNexus.Extensions.Channels.ServiceBus.Tests/BotNexus.Extensions.Channels.ServiceBus.Tests.csproj" />
  </Folder>
  <Folder Name="/tests/gateway/">
    <Project Path="tests/gateway/BotNexus.Cli.Tests/BotNexus.Cli.Tests.csproj" />
    <Project Path="tests/gateway/BotNexus.Cron.Tests/BotNexus.Cron.Tests.csproj" />
    <Project Path="tests/gateway/BotNexus.Gateway.Conversations.Tests/BotNexus.Gateway.Conversations.Tests.csproj" />
    <Project Path="tests/gateway/BotNexus.Gateway.Prompts.Tests/BotNexus.Gateway.Prompts.Tests.csproj" />
    <Project Path="tests/gateway/BotNexus.Gateway.Sessions.Tests/BotNexus.Gateway.Sessions.Tests.csproj" />
    <Project Path="tests/gateway/BotNexus.Gateway.Tests/BotNexus.Gateway.Tests.csproj" />
    <Project Path="tests/gateway/BotNexus.Memory.Tests/BotNexus.Memory.Tests.csproj" />
  </Folder>
</Solution>
